
Microsoft Visual Studio Solution File, Format Version 12.00
# Visual Studio Version 17
VisualStudioVersion = 17.0.31903.59
MinimumVisualStudioVersion = 10.0.40219.1
Project("{2150E333-8FDC-42A3-9474-1A3956D46DE8}") = "array_hashing", "array_hashing", "{C86BFC21-AD53-4C8F-9779-AEF3412BF710}"
EndProject
Project("{FAE04EC0-301F-11D3-BF4B-00C04F79EFBC}") = "ContainsDuplicate", "array_hashing\ContainsDuplicate\ContainsDuplicate.csproj", "{E46D966F-52D9-4B21-BC7C-FCFE4598299A}"
EndProject
Project("{FAE04EC0-301F-11D3-BF4B-00C04F79EFBC}") = "Valid Anagram", "array_hashing\Valid Anagram\Valid Anagram.csproj", "{38989D9F-7F48-45AD-B361-9A59219BC5FA}"
EndProject
Project("{FAE04EC0-301F-11D3-BF4B-00C04F79EFBC}") = "TwoSum", "array_hashing\TwoSum\TwoSum.csproj", "{4831FA0E-72F2-4DA2-831F-C23F8F3910AC}"
EndProject
Project("{2150E333-8FDC-42A3-9474-1A3956D46DE8}") = "two_pointers", "two_pointers", "{48C33DFB-40A0-490C-A554-F9BDA735C7E9}"
EndProject
Project("{FAE04EC0-301F-11D3-BF4B-00C04F79EFBC}") = "ValidPalindrome", "two_pointers\ValidPalindrome\ValidPalindrome.csproj", "{F354A040-B7AE-48FF-B0D2-D25CCCA8CB92}"
EndProject
Project("{2150E333-8FDC-42A3-9474-1A3956D46DE8}") = "sliding_window", "sliding_window", "{1B1DC741-CC00-452D-B4A2-163AE0C7FA5A}"
EndProject
Project("{FAE04EC0-301F-11D3-BF4B-00C04F79EFBC}") = "BestTimeToBuyOrSellStock", "sliding_window\BestTimeToBuyOrSellStock\BestTimeToBuyOrSellStock.csproj", "{663A52CF-B3F7-4E66-9C76-CE738B087D7C}"
EndProject
Global
	GlobalSection(SolutionConfigurationPlatforms) = preSolution
		Debug|Any CPU = Debug|Any CPU
		Release|Any CPU = Release|Any CPU
	EndGlobalSection
	GlobalSection(SolutionProperties) = preSolution
		HideSolutionNode = FALSE
	EndGlobalSection
	GlobalSection(ProjectConfigurationPlatforms) = postSolution
		{E46D966F-52D9-4B21-BC7C-FCFE4598299A}.Debug|Any CPU.ActiveCfg = Debug|Any CPU
		{E46D966F-52D9-4B21-BC7C-FCFE4598299A}.Debug|Any CPU.Build.0 = Debug|Any CPU
		{E46D966F-52D9-4B21-BC7C-FCFE4598299A}.Release|Any CPU.ActiveCfg = Release|Any CPU
		{E46D966F-52D9-4B21-BC7C-FCFE4598299A}.Release|Any CPU.Build.0 = Release|Any CPU
		{38989D9F-7F48-45AD-B361-9A59219BC5FA}.Debug|Any CPU.ActiveCfg = Debug|Any CPU
		{38989D9F-7F48-45AD-B361-9A59219BC5FA}.Debug|Any CPU.Build.0 = Debug|Any CPU
		{38989D9F-7F48-45AD-B361-9A59219BC5FA}.Release|Any CPU.ActiveCfg = Release|Any CPU
		{38989D9F-7F48-45AD-B361-9A59219BC5FA}.Release|Any CPU.Build.0 = Release|Any CPU
		{4831FA0E-72F2-4DA2-831F-C23F8F3910AC}.Debug|Any CPU.ActiveCfg = Debug|Any CPU
		{4831FA0E-72F2-4DA2-831F-C23F8F3910AC}.Debug|Any CPU.Build.0 = Debug|Any CPU
		{4831FA0E-72F2-4DA2-831F-C23F8F3910AC}.Release|Any CPU.ActiveCfg = Release|Any CPU
		{4831FA0E-72F2-4DA2-831F-C23F8F3910AC}.Release|Any CPU.Build.0 = Release|Any CPU
		{F354A040-B7AE-48FF-B0D2-D25CCCA8CB92}.Debug|Any CPU.ActiveCfg = Debug|Any CPU
		{F354A040-B7AE-48FF-B0D2-D25CCCA8CB92}.Debug|Any CPU.Build.0 = Debug|Any CPU
		{F354A040-B7AE-48FF-B0D2-D25CCCA8CB92}.Release|Any CPU.ActiveCfg = Release|Any CPU
		{F354A040-B7AE-48FF-B0D2-D25CCCA8CB92}.Release|Any CPU.Build.0 = Release|Any CPU
		{663A52CF-B3F7-4E66-9C76-CE738B087D7C}.Debug|Any CPU.ActiveCfg = Debug|Any CPU
		{663A52CF-B3F7-4E66-9C76-CE738B087D7C}.Debug|Any CPU.Build.0 = Debug|Any CPU
		{663A52CF-B3F7-4E66-9C76-CE738B087D7C}.Release|Any CPU.ActiveCfg = Release|Any CPU
		{663A52CF-B3F7-4E66-9C76-CE738B087D7C}.Release|Any CPU.Build.0 = Release|Any CPU
	EndGlobalSection
	GlobalSection(NestedProjects) = preSolution
		{E46D966F-52D9-4B21-BC7C-FCFE4598299A} = {C86BFC21-AD53-4C8F-9779-AEF3412BF710}
		{38989D9F-7F48-45AD-B361-9A59219BC5FA} = {C86BFC21-AD53-4C8F-9779-AEF3412BF710}
		{4831FA0E-72F2-4DA2-831F-C23F8F3910AC} = {C86BFC21-AD53-4C8F-9779-AEF3412BF710}
		{F354A040-B7AE-48FF-B0D2-D25CCCA8CB92} = {48C33DFB-40A0-490C-A554-F9BDA735C7E9}
		{663A52CF-B3F7-4E66-9C76-CE738B087D7C} = {1B1DC741-CC00-452D-B4A2-163AE0C7FA5A}
	EndGlobalSection
EndGlobal
